
Microsoft Visual Studio Solution File, Format Version 12.00
# Visual Studio Version 17
VisualStudioVersion = 17.12.35527.113
MinimumVisualStudioVersion = 10.0.40219.1
Project("{FAE04EC0-301F-11D3-BF4B-00C04F79EFBC}") = "EruKampusSporVersion7.6", "EruKampusSporVersion7.6\EruKampusSporVersion7.6.csproj", "{5662B252-E25E-4194-884F-3C732A09240B}"
EndProject
Project("{FAE04EC0-301F-11D3-BF4B-00C04F79EFBC}") = "EruKampusSpor", "EruKampusSporVersion7.6\EruKampusSpor.csproj", "{B452C585-B76A-412A-A97F-EC476018ACEC}"
EndProject
Global
	GlobalSection(SolutionConfigurationPlatforms) = preSolution
		Debug|Any CPU = Debug|Any CPU
		Release|Any CPU = Release|Any CPU
	EndGlobalSection
	GlobalSection(ProjectConfigurationPlatforms) = postSolution
		{5662B252-E25E-4194-884F-3C732A09240B}.Debug|Any CPU.ActiveCfg = Debug|Any CPU
		{5662B252-E25E-4194-884F-3C732A09240B}.Debug|Any CPU.Build.0 = Debug|Any CPU
		{5662B252-E25E-4194-884F-3C732A09240B}.Release|Any CPU.ActiveCfg = Release|Any CPU
		{5662B252-E25E-4194-884F-3C732A09240B}.Release|Any CPU.Build.0 = Release|Any CPU
		{B452C585-B76A-412A-A97F-EC476018ACEC}.Debug|Any CPU.ActiveCfg = Debug|Any CPU
		{B452C585-B76A-412A-A97F-EC476018ACEC}.Debug|Any CPU.Build.0 = Debug|Any CPU
		{B452C585-B76A-412A-A97F-EC476018ACEC}.Release|Any CPU.ActiveCfg = Release|Any CPU
		{B452C585-B76A-412A-A97F-EC476018ACEC}.Release|Any CPU.Build.0 = Release|Any CPU
	EndGlobalSection
	GlobalSection(SolutionProperties) = preSolution
		HideSolutionNode = FALSE
	EndGlobalSection
EndGlobal
